
Microsoft Visual Studio Solution File, Format Version 12.00
# Visual Studio 15
VisualStudioVersion = 15.0.28010.2036
MinimumVisualStudioVersion = 10.0.40219.1
Project("{9A19103F-16F7-4668-BE54-9A1E7A4F7556}") = "ImageUploadJSON", "ImageUploadJASON\ImageUploadJSON.csproj", "{CBF66D3D-4DA4-4D64-8780-9E00B5319F23}"
EndProject
Project("{2150E333-8FDC-42A3-9474-1A3956D46DE8}") = "Solution Items", "Solution Items", "{8A63752B-F7FE-4492-8E60-8E1E9A72891E}"
	ProjectSection(SolutionItems) = preProject
		readme.MD = readme.MD
	EndProjectSection
EndProject
Global
	GlobalSection(SolutionConfigurationPlatforms) = preSolution
		Debug|Any CPU = Debug|Any CPU
		Release|Any CPU = Release|Any CPU
	EndGlobalSection
	GlobalSection(ProjectConfigurationPlatforms) = postSolution
		{CBF66D3D-4DA4-4D64-8780-9E00B5319F23}.Debug|Any CPU.ActiveCfg = Debug|Any CPU
		{CBF66D3D-4DA4-4D64-8780-9E00B5319F23}.Debug|Any CPU.Build.0 = Debug|Any CPU
		{CBF66D3D-4DA4-4D64-8780-9E00B5319F23}.Release|Any CPU.ActiveCfg = Release|Any CPU
		{CBF66D3D-4DA4-4D64-8780-9E00B5319F23}.Release|Any CPU.Build.0 = Release|Any CPU
	EndGlobalSection
	GlobalSection(SolutionProperties) = preSolution
		HideSolutionNode = FALSE
	EndGlobalSection
	GlobalSection(ExtensibilityGlobals) = postSolution
		SolutionGuid = {9CEABDDC-D461-48B5-8668-31C7B98EB0AE}
	EndGlobalSection
EndGlobal
